
Microsoft Visual Studio Solution File, Format Version 10.00
# Visual Studio Codename Orcas
Project("{E24C65DC-7377-472B-9ABA-BC803B73C61A}") = "Validation", "Validation\", "{DB82A7E0-C0C0-48A9-B24F-7281CD73E752}"
	ProjectSection(WebsiteProperties) = preProject
		TargetFramework = "3.5"
		Debug.AspNetCompiler.VirtualPath = "/Validation"
		Debug.AspNetCompiler.PhysicalPath = "D:\Code\Beginning ASP.NET 2.0\Chapter10\Validation\"
		Debug.AspNetCompiler.TargetPath = "PrecompiledWeb\Validation\"
		Debug.AspNetCompiler.Updateable = "true"
		Debug.AspNetCompiler.ForceOverwrite = "true"
		Debug.AspNetCompiler.FixedNames = "false"
		Debug.AspNetCompiler.Debug = "True"
		Release.AspNetCompiler.VirtualPath = "/Validation"
		Release.AspNetCompiler.PhysicalPath = "D:\Code\Beginning ASP.NET 2.0\Chapter10\Validation\"
		Release.AspNetCompiler.TargetPath = "PrecompiledWeb\Validation\"
		Release.AspNetCompiler.Updateable = "true"
		Release.AspNetCompiler.ForceOverwrite = "true"
		Release.AspNetCompiler.FixedNames = "false"
		Release.AspNetCompiler.Debug = "False"
		VWDPort = "58348"
	EndProjectSection
EndProject
Global
	GlobalSection(SolutionConfigurationPlatforms) = preSolution
		Debug|.NET = Debug|.NET
	EndGlobalSection
	GlobalSection(ProjectConfigurationPlatforms) = postSolution
		{DB82A7E0-C0C0-48A9-B24F-7281CD73E752}.Debug|.NET.ActiveCfg = Debug|.NET
		{DB82A7E0-C0C0-48A9-B24F-7281CD73E752}.Debug|.NET.Build.0 = Debug|.NET
	EndGlobalSection
	GlobalSection(SolutionProperties) = preSolution
		HideSolutionNode = FALSE
	EndGlobalSection
EndGlobal
