
Microsoft Visual Studio Solution File, Format Version 10.00
# Visual Studio Codename Orcas
Project("{E24C65DC-7377-472B-9ABA-BC803B73C61A}") = "ADO.NET", "ADO.NET\", "{C18347BE-FCE9-4786-8211-5163C081E5F7}"
	ProjectSection(WebsiteProperties) = preProject
		TargetFramework = "3.5"
		Debug.AspNetCompiler.VirtualPath = "/ADO.NET"
		Debug.AspNetCompiler.PhysicalPath = "D:\Code\Beginning ASP.NET 2.0\Chapter13\ADO.NET\"
		Debug.AspNetCompiler.TargetPath = "PrecompiledWeb\ADO.NET\"
		Debug.AspNetCompiler.Updateable = "true"
		Debug.AspNetCompiler.ForceOverwrite = "true"
		Debug.AspNetCompiler.FixedNames = "false"
		Debug.AspNetCompiler.Debug = "True"
		Release.AspNetCompiler.VirtualPath = "/ADO.NET"
		Release.AspNetCompiler.PhysicalPath = "D:\Code\Beginning ASP.NET 2.0\Chapter13\ADO.NET\"
		Release.AspNetCompiler.TargetPath = "PrecompiledWeb\ADO.NET\"
		Release.AspNetCompiler.Updateable = "true"
		Release.AspNetCompiler.ForceOverwrite = "true"
		Release.AspNetCompiler.FixedNames = "false"
		Release.AspNetCompiler.Debug = "False"
		VWDPort = "54435"
	EndProjectSection
EndProject
Global
	GlobalSection(SolutionConfigurationPlatforms) = preSolution
		Debug|.NET = Debug|.NET
	EndGlobalSection
	GlobalSection(ProjectConfigurationPlatforms) = postSolution
		{C18347BE-FCE9-4786-8211-5163C081E5F7}.Debug|.NET.ActiveCfg = Debug|.NET
		{C18347BE-FCE9-4786-8211-5163C081E5F7}.Debug|.NET.Build.0 = Debug|.NET
	EndGlobalSection
	GlobalSection(SolutionProperties) = preSolution
		HideSolutionNode = FALSE
	EndGlobalSection
EndGlobal
