
Microsoft Visual Studio Solution File, Format Version 10.00
# Visual Studio 2008
Project("{E24C65DC-7377-472B-9ABA-BC803B73C61A}") = "WebControls", "WebControls\", "{AC1D1EF6-159E-4AB0-BBB2-D8A09DA25D4B}"
	ProjectSection(WebsiteProperties) = preProject
		TargetFramework = "3.5"
		Debug.AspNetCompiler.VirtualPath = "/WebControls"
		Debug.AspNetCompiler.PhysicalPath = "D:\Code\Beginning ASP.NET 3.5\Chapter06\WebControls\"
		Debug.AspNetCompiler.TargetPath = "PrecompiledWeb\WebControls\"
		Debug.AspNetCompiler.Updateable = "true"
		Debug.AspNetCompiler.ForceOverwrite = "true"
		Debug.AspNetCompiler.FixedNames = "false"
		Debug.AspNetCompiler.Debug = "True"
		Release.AspNetCompiler.VirtualPath = "/WebControls"
		Release.AspNetCompiler.PhysicalPath = "D:\Code\Beginning ASP.NET 3.5\Chapter06\WebControls\"
		Release.AspNetCompiler.TargetPath = "PrecompiledWeb\WebControls\"
		Release.AspNetCompiler.Updateable = "true"
		Release.AspNetCompiler.ForceOverwrite = "true"
		Release.AspNetCompiler.FixedNames = "false"
		Release.AspNetCompiler.Debug = "False"
		VWDPort = "53861"
	EndProjectSection
EndProject
Global
	GlobalSection(SolutionConfigurationPlatforms) = preSolution
		Debug|.NET = Debug|.NET
	EndGlobalSection
	GlobalSection(ProjectConfigurationPlatforms) = postSolution
		{AC1D1EF6-159E-4AB0-BBB2-D8A09DA25D4B}.Debug|.NET.ActiveCfg = Debug|.NET
		{AC1D1EF6-159E-4AB0-BBB2-D8A09DA25D4B}.Debug|.NET.Build.0 = Debug|.NET
	EndGlobalSection
	GlobalSection(SolutionProperties) = preSolution
		HideSolutionNode = FALSE
	EndGlobalSection
EndGlobal
