
Microsoft Visual Studio Solution File, Format Version 10.00
# Visual Studio Codename Orcas
Project("{E24C65DC-7377-472B-9ABA-BC803B73C61A}") = "CookielessSessions", "CookielessSessions\", "{D8DCBD07-D2B0-49BA-B6E7-93A0ED81600F}"
	ProjectSection(WebsiteProperties) = preProject
		TargetFramework = "3.5"
		Debug.AspNetCompiler.VirtualPath = "/CookielessSessions"
		Debug.AspNetCompiler.PhysicalPath = "D:\Code\Beginning ASP.NET 2.0\Chapter07\CookielessSessions\"
		Debug.AspNetCompiler.TargetPath = "PrecompiledWeb\CookielessSessions\"
		Debug.AspNetCompiler.Updateable = "true"
		Debug.AspNetCompiler.ForceOverwrite = "true"
		Debug.AspNetCompiler.FixedNames = "false"
		Debug.AspNetCompiler.Debug = "True"
		Release.AspNetCompiler.VirtualPath = "/CookielessSessions"
		Release.AspNetCompiler.PhysicalPath = "D:\Code\Beginning ASP.NET 2.0\Chapter07\CookielessSessions\"
		Release.AspNetCompiler.TargetPath = "PrecompiledWeb\CookielessSessions\"
		Release.AspNetCompiler.Updateable = "true"
		Release.AspNetCompiler.ForceOverwrite = "true"
		Release.AspNetCompiler.FixedNames = "false"
		Release.AspNetCompiler.Debug = "False"
		VWDPort = "56371"
	EndProjectSection
EndProject
Global
	GlobalSection(SolutionConfigurationPlatforms) = preSolution
		Debug|.NET = Debug|.NET
	EndGlobalSection
	GlobalSection(ProjectConfigurationPlatforms) = postSolution
		{D8DCBD07-D2B0-49BA-B6E7-93A0ED81600F}.Debug|.NET.ActiveCfg = Debug|.NET
		{D8DCBD07-D2B0-49BA-B6E7-93A0ED81600F}.Debug|.NET.Build.0 = Debug|.NET
	EndGlobalSection
	GlobalSection(SolutionProperties) = preSolution
		HideSolutionNode = FALSE
	EndGlobalSection
EndGlobal
