
Microsoft Visual Studio Solution File, Format Version 10.00
# Visual Studio Codename Orcas
Project("{E24C65DC-7377-472B-9ABA-BC803B73C61A}") = "StateManagement", "StateManagement\", "{A87F7496-FDF0-4E6F-832D-2D82D43C6F10}"
	ProjectSection(WebsiteProperties) = preProject
		TargetFramework = "3.5"
		Debug.AspNetCompiler.VirtualPath = "/StateManagement"
		Debug.AspNetCompiler.PhysicalPath = "D:\Code\Beginning ASP.NET 2.0\Chapter07\StateManagement\"
		Debug.AspNetCompiler.TargetPath = "PrecompiledWeb\StateManagement\"
		Debug.AspNetCompiler.Updateable = "true"
		Debug.AspNetCompiler.ForceOverwrite = "true"
		Debug.AspNetCompiler.FixedNames = "false"
		Debug.AspNetCompiler.Debug = "True"
		Release.AspNetCompiler.VirtualPath = "/StateManagement"
		Release.AspNetCompiler.PhysicalPath = "D:\Code\Beginning ASP.NET 2.0\Chapter07\StateManagement\"
		Release.AspNetCompiler.TargetPath = "PrecompiledWeb\StateManagement\"
		Release.AspNetCompiler.Updateable = "true"
		Release.AspNetCompiler.ForceOverwrite = "true"
		Release.AspNetCompiler.FixedNames = "false"
		Release.AspNetCompiler.Debug = "False"
		VWDPort = "55902"
	EndProjectSection
EndProject
Global
	GlobalSection(SolutionConfigurationPlatforms) = preSolution
		Debug|.NET = Debug|.NET
	EndGlobalSection
	GlobalSection(ProjectConfigurationPlatforms) = postSolution
		{A87F7496-FDF0-4E6F-832D-2D82D43C6F10}.Debug|.NET.ActiveCfg = Debug|.NET
		{A87F7496-FDF0-4E6F-832D-2D82D43C6F10}.Debug|.NET.Build.0 = Debug|.NET
	EndGlobalSection
	GlobalSection(SolutionProperties) = preSolution
		HideSolutionNode = FALSE
	EndGlobalSection
EndGlobal
