
Microsoft Visual Studio Solution File, Format Version 10.00
# Visual Studio Codename Orcas
Project("{E24C65DC-7377-472B-9ABA-BC803B73C61A}") = "FileSystem", "FileSystem\", "{919C1A65-1307-47C1-BCFE-18E10A047162}"
	ProjectSection(WebsiteProperties) = preProject
		TargetFramework = "3.5"
		Debug.AspNetCompiler.VirtualPath = "/FileSystem"
		Debug.AspNetCompiler.PhysicalPath = "D:\Code\Beginning ASP.NET 2.0\Chapter18\FileSystem\"
		Debug.AspNetCompiler.TargetPath = "PrecompiledWeb\FileSystem\"
		Debug.AspNetCompiler.Updateable = "true"
		Debug.AspNetCompiler.ForceOverwrite = "true"
		Debug.AspNetCompiler.FixedNames = "false"
		Debug.AspNetCompiler.Debug = "True"
		Release.AspNetCompiler.VirtualPath = "/FileSystem"
		Release.AspNetCompiler.PhysicalPath = "D:\Code\Beginning ASP.NET 2.0\Chapter18\FileSystem\"
		Release.AspNetCompiler.TargetPath = "PrecompiledWeb\FileSystem\"
		Release.AspNetCompiler.Updateable = "true"
		Release.AspNetCompiler.ForceOverwrite = "true"
		Release.AspNetCompiler.FixedNames = "false"
		Release.AspNetCompiler.Debug = "False"
		VWDPort = "57164"
	EndProjectSection
EndProject
Global
	GlobalSection(SolutionConfigurationPlatforms) = preSolution
		Debug|.NET = Debug|.NET
	EndGlobalSection
	GlobalSection(ProjectConfigurationPlatforms) = postSolution
		{919C1A65-1307-47C1-BCFE-18E10A047162}.Debug|.NET.ActiveCfg = Debug|.NET
		{919C1A65-1307-47C1-BCFE-18E10A047162}.Debug|.NET.Build.0 = Debug|.NET
	EndGlobalSection
	GlobalSection(SolutionProperties) = preSolution
		HideSolutionNode = FALSE
	EndGlobalSection
EndGlobal
